
Microsoft Visual Studio Solution File, Format Version 12.00
# Visual Studio Version 17
VisualStudioVersion = 17.10.34916.146
MinimumVisualStudioVersion = 10.0.40219.1
Project("{FAE04EC0-301F-11D3-BF4B-00C04F79EFBC}") = "NSWorkingWithStrings", "NSWorkingWithStrings\NSWorkingWithStrings.csproj", "{2D3146FA-F8A3-4D07-9749-C639397E12AD}"
EndProject
Global
	GlobalSection(SolutionConfigurationPlatforms) = preSolution
		Debug|Any CPU = Debug|Any CPU
		Release|Any CPU = Release|Any CPU
	EndGlobalSection
	GlobalSection(ProjectConfigurationPlatforms) = postSolution
		{2D3146FA-F8A3-4D07-9749-C639397E12AD}.Debug|Any CPU.ActiveCfg = Debug|Any CPU
		{2D3146FA-F8A3-4D07-9749-C639397E12AD}.Debug|Any CPU.Build.0 = Debug|Any CPU
		{2D3146FA-F8A3-4D07-9749-C639397E12AD}.Release|Any CPU.ActiveCfg = Release|Any CPU
		{2D3146FA-F8A3-4D07-9749-C639397E12AD}.Release|Any CPU.Build.0 = Release|Any CPU
	EndGlobalSection
	GlobalSection(SolutionProperties) = preSolution
		HideSolutionNode = FALSE
	EndGlobalSection
	GlobalSection(ExtensibilityGlobals) = postSolution
		SolutionGuid = {053F68C5-AF80-449D-9E0E-63F73FAE19C8}
	EndGlobalSection
EndGlobal
